
Microsoft Visual Studio Solution File, Format Version 12.00
# Visual Studio Version 17
VisualStudioVersion = 17.13.35931.197
MinimumVisualStudioVersion = 10.0.40219.1
Project("{FAE04EC0-301F-11D3-BF4B-00C04F79EFBC}") = "PicGramWebApp", "PicGramWebApp\PicGramWebApp.csproj", "{9D5CBB95-55A4-4B96-BBED-BC484E01E300}"
EndProject
Project("{FAE04EC0-301F-11D3-BF4B-00C04F79EFBC}") = "PicGramWebApp.Tests", "PicGramWebApp.Tests\PicGramWebApp.Tests.csproj", "{0AFA1342-D01A-43FF-A20A-61E18868A0D0}"
EndProject
Project("{FAE04EC0-301F-11D3-BF4B-00C04F79EFBC}") = "PicGramWebApp.IntegrationTests", "PicGramWebApp.IntegrationTests\PicGramWebApp.IntegrationTests.csproj", "{778F617E-3D04-4A20-AF49-727A3AB284FA}"
EndProject
Global
	GlobalSection(SolutionConfigurationPlatforms) = preSolution
		Debug|Any CPU = Debug|Any CPU
		Debug|x64 = Debug|x64
		Debug|x86 = Debug|x86
		Release|Any CPU = Release|Any CPU
		Release|x64 = Release|x64
		Release|x86 = Release|x86
	EndGlobalSection
	GlobalSection(ProjectConfigurationPlatforms) = postSolution
		{9D5CBB95-55A4-4B96-BBED-BC484E01E300}.Debug|Any CPU.ActiveCfg = Debug|Any CPU
		{9D5CBB95-55A4-4B96-BBED-BC484E01E300}.Debug|Any CPU.Build.0 = Debug|Any CPU
		{9D5CBB95-55A4-4B96-BBED-BC484E01E300}.Debug|x64.ActiveCfg = Debug|Any CPU
		{9D5CBB95-55A4-4B96-BBED-BC484E01E300}.Debug|x64.Build.0 = Debug|Any CPU
		{9D5CBB95-55A4-4B96-BBED-BC484E01E300}.Debug|x86.ActiveCfg = Debug|Any CPU
		{9D5CBB95-55A4-4B96-BBED-BC484E01E300}.Debug|x86.Build.0 = Debug|Any CPU
		{9D5CBB95-55A4-4B96-BBED-BC484E01E300}.Release|Any CPU.ActiveCfg = Release|Any CPU
		{9D5CBB95-55A4-4B96-BBED-BC484E01E300}.Release|Any CPU.Build.0 = Release|Any CPU
		{9D5CBB95-55A4-4B96-BBED-BC484E01E300}.Release|x64.ActiveCfg = Release|Any CPU
		{9D5CBB95-55A4-4B96-BBED-BC484E01E300}.Release|x64.Build.0 = Release|Any CPU
		{9D5CBB95-55A4-4B96-BBED-BC484E01E300}.Release|x86.ActiveCfg = Release|Any CPU
		{9D5CBB95-55A4-4B96-BBED-BC484E01E300}.Release|x86.Build.0 = Release|Any CPU
		{0AFA1342-D01A-43FF-A20A-61E18868A0D0}.Debug|Any CPU.ActiveCfg = Debug|Any CPU
		{0AFA1342-D01A-43FF-A20A-61E18868A0D0}.Debug|Any CPU.Build.0 = Debug|Any CPU
		{0AFA1342-D01A-43FF-A20A-61E18868A0D0}.Debug|x64.ActiveCfg = Debug|Any CPU
		{0AFA1342-D01A-43FF-A20A-61E18868A0D0}.Debug|x64.Build.0 = Debug|Any CPU
		{0AFA1342-D01A-43FF-A20A-61E18868A0D0}.Debug|x86.ActiveCfg = Debug|Any CPU
		{0AFA1342-D01A-43FF-A20A-61E18868A0D0}.Debug|x86.Build.0 = Debug|Any CPU
		{0AFA1342-D01A-43FF-A20A-61E18868A0D0}.Release|Any CPU.ActiveCfg = Release|Any CPU
		{0AFA1342-D01A-43FF-A20A-61E18868A0D0}.Release|Any CPU.Build.0 = Release|Any CPU
		{0AFA1342-D01A-43FF-A20A-61E18868A0D0}.Release|x64.ActiveCfg = Release|Any CPU
		{0AFA1342-D01A-43FF-A20A-61E18868A0D0}.Release|x64.Build.0 = Release|Any CPU
		{0AFA1342-D01A-43FF-A20A-61E18868A0D0}.Release|x86.ActiveCfg = Release|Any CPU
		{0AFA1342-D01A-43FF-A20A-61E18868A0D0}.Release|x86.Build.0 = Release|Any CPU
		{778F617E-3D04-4A20-AF49-727A3AB284FA}.Debug|Any CPU.ActiveCfg = Debug|Any CPU
		{778F617E-3D04-4A20-AF49-727A3AB284FA}.Debug|Any CPU.Build.0 = Debug|Any CPU
		{778F617E-3D04-4A20-AF49-727A3AB284FA}.Debug|x64.ActiveCfg = Debug|Any CPU
		{778F617E-3D04-4A20-AF49-727A3AB284FA}.Debug|x64.Build.0 = Debug|Any CPU
		{778F617E-3D04-4A20-AF49-727A3AB284FA}.Debug|x86.ActiveCfg = Debug|Any CPU
		{778F617E-3D04-4A20-AF49-727A3AB284FA}.Debug|x86.Build.0 = Debug|Any CPU
		{778F617E-3D04-4A20-AF49-727A3AB284FA}.Release|Any CPU.ActiveCfg = Release|Any CPU
		{778F617E-3D04-4A20-AF49-727A3AB284FA}.Release|Any CPU.Build.0 = Release|Any CPU
		{778F617E-3D04-4A20-AF49-727A3AB284FA}.Release|x64.ActiveCfg = Release|Any CPU
		{778F617E-3D04-4A20-AF49-727A3AB284FA}.Release|x64.Build.0 = Release|Any CPU
		{778F617E-3D04-4A20-AF49-727A3AB284FA}.Release|x86.ActiveCfg = Release|Any CPU
		{778F617E-3D04-4A20-AF49-727A3AB284FA}.Release|x86.Build.0 = Release|Any CPU
	EndGlobalSection
	GlobalSection(SolutionProperties) = preSolution
		HideSolutionNode = FALSE
	EndGlobalSection
	GlobalSection(ExtensibilityGlobals) = postSolution
		SolutionGuid = {FEC373C0-B778-4A8D-BDF3-C4E2F94C8AB2}
	EndGlobalSection
EndGlobal
